// !$*UTF8*$!
{
	archiveVersion = 1;
	classes = {
	};
	objectVersion = 45;
	objects = {

/* Begin PBXBuildFile section */
		1D3623260D0F684500981E51 /* FriendFeedAppDelegate.m in Sources */ = {isa = PBXBuildFile; fileRef = 1D3623250D0F684500981E51 /* FriendFeedAppDelegate.m */; };
		1D3623EC0D0F72F000981E51 /* CoreGraphics.framework in Frameworks */ = {isa = PBXBuildFile; fileRef = 1D3623EB0D0F72F000981E51 /* CoreGraphics.framework */; };
		1D60589B0D05DD56006BFB54 /* main.m in Sources */ = {isa = PBXBuildFile; fileRef = 29B97316FDCFA39411CA2CEA /* main.m */; };
		1D60589F0D05DD5A006BFB54 /* Foundation.framework in Frameworks */ = {isa = PBXBuildFile; fileRef = 1D30AB110D05D00D00671497 /* Foundation.framework */; };
		1DF5F4E00D08C38300B7A737 /* UIKit.framework in Frameworks */ = {isa = PBXBuildFile; fileRef = 1DF5F4DF0D08C38300B7A737 /* UIKit.framework */; };
		3473CF540DA609B500728B98 /* EveryoneListController.m in Sources */ = {isa = PBXBuildFile; fileRef = 3473CF530DA609B500728B98 /* EveryoneListController.m */; };
		3473D0640DA6994500728B98 /* HomeListController.m in Sources */ = {isa = PBXBuildFile; fileRef = 3473D0630DA6994500728B98 /* HomeListController.m */; };
		3478E2FA0DA9E9F3003A078A /* UICellTextView.m in Sources */ = {isa = PBXBuildFile; fileRef = 3478E2F90DA9E9F3003A078A /* UICellTextView.m */; };
		3478E3030DA9EBAF003A078A /* UISourceCell.m in Sources */ = {isa = PBXBuildFile; fileRef = 3478E3020DA9EBAF003A078A /* UISourceCell.m */; };
		348626B40DA2BFC100908BFC /* NSCharacterSet_Extensions.m in Sources */ = {isa = PBXBuildFile; fileRef = 348626AA0DA2BFC100908BFC /* NSCharacterSet_Extensions.m */; };
		348626B50DA2BFC100908BFC /* NSScanner_Extensions.m in Sources */ = {isa = PBXBuildFile; fileRef = 348626AC0DA2BFC100908BFC /* NSScanner_Extensions.m */; };
		348626B60DA2BFC100908BFC /* CJSONDeserializer.m in Sources */ = {isa = PBXBuildFile; fileRef = 348626AF0DA2BFC100908BFC /* CJSONDeserializer.m */; };
		348626B70DA2BFC100908BFC /* CJSONScanner.m in Sources */ = {isa = PBXBuildFile; fileRef = 348626B10DA2BFC100908BFC /* CJSONScanner.m */; };
		348626B80DA2BFC100908BFC /* CJSONSerializer.m in Sources */ = {isa = PBXBuildFile; fileRef = 348626B30DA2BFC100908BFC /* CJSONSerializer.m */; };
		3488FDCE0DA41B53004CCDFC /* FeedItemTableViewCell.m in Sources */ = {isa = PBXBuildFile; fileRef = 3488FDCD0DA41B53004CCDFC /* FeedItemTableViewCell.m */; };
		34BAC9090DA99AC800191429 /* DetailViewController.m in Sources */ = {isa = PBXBuildFile; fileRef = 34BAC9080DA99AC800191429 /* DetailViewController.m */; };
		7402956A10236D7700CE6278 /* amazon.png in Resources */ = {isa = PBXBuildFile; fileRef = 7402954410236D7700CE6278 /* amazon.png */; };
		7402956B10236D7700CE6278 /* blog.png in Resources */ = {isa = PBXBuildFile; fileRef = 7402954510236D7700CE6278 /* blog.png */; };
		7402956C10236D7700CE6278 /* delicious.png in Resources */ = {isa = PBXBuildFile; fileRef = 7402954610236D7700CE6278 /* delicious.png */; };
		7402956D10236D7700CE6278 /* digg.png in Resources */ = {isa = PBXBuildFile; fileRef = 7402954710236D7700CE6278 /* digg.png */; };
		7402956E10236D7700CE6278 /* disqus.png in Resources */ = {isa = PBXBuildFile; fileRef = 7402954810236D7700CE6278 /* disqus.png */; };
		7402956F10236D7700CE6278 /* everyone.png in Resources */ = {isa = PBXBuildFile; fileRef = 7402954910236D7700CE6278 /* everyone.png */; };
		7402957010236D7700CE6278 /* flickr.png in Resources */ = {isa = PBXBuildFile; fileRef = 7402954A10236D7700CE6278 /* flickr.png */; };
		7402957110236D7700CE6278 /* furl.png in Resources */ = {isa = PBXBuildFile; fileRef = 7402954B10236D7700CE6278 /* furl.png */; };
		7402957210236D7700CE6278 /* goodreads.png in Resources */ = {isa = PBXBuildFile; fileRef = 7402954C10236D7700CE6278 /* goodreads.png */; };
		7402957310236D7700CE6278 /* googlereader.png in Resources */ = {isa = PBXBuildFile; fileRef = 7402954D10236D7700CE6278 /* googlereader.png */; };
		7402957410236D7700CE6278 /* googleshared.png in Resources */ = {isa = PBXBuildFile; fileRef = 7402954E10236D7700CE6278 /* googleshared.png */; };
		7402957510236D7700CE6278 /* googletalk.png in Resources */ = {isa = PBXBuildFile; fileRef = 7402954F10236D7700CE6278 /* googletalk.png */; };
		7402957610236D7700CE6278 /* ilike.png in Resources */ = {isa = PBXBuildFile; fileRef = 7402955010236D7700CE6278 /* ilike.png */; };
		7402957710236D7700CE6278 /* internal.png in Resources */ = {isa = PBXBuildFile; fileRef = 7402955110236D7700CE6278 /* internal.png */; };
		7402957810236D7700CE6278 /* jaiku.png in Resources */ = {isa = PBXBuildFile; fileRef = 7402955210236D7700CE6278 /* jaiku.png */; };
		7402957910236D7700CE6278 /* lastfm.png in Resources */ = {isa = PBXBuildFile; fileRef = 7402955310236D7700CE6278 /* lastfm.png */; };
		7402957A10236D7700CE6278 /* librarything.png in Resources */ = {isa = PBXBuildFile; fileRef = 7402955410236D7700CE6278 /* librarything.png */; };
		7402957B10236D7700CE6278 /* linkedin.png in Resources */ = {isa = PBXBuildFile; fileRef = 7402955510236D7700CE6278 /* linkedin.png */; };
		7402957C10236D7700CE6278 /* logo-small.png in Resources */ = {isa = PBXBuildFile; fileRef = 7402955610236D7700CE6278 /* logo-small.png */; };
		7402957D10236D7700CE6278 /* magnolia.png in Resources */ = {isa = PBXBuildFile; fileRef = 7402955710236D7700CE6278 /* magnolia.png */; };
		7402957E10236D7700CE6278 /* netflix.png in Resources */ = {isa = PBXBuildFile; fileRef = 7402955810236D7700CE6278 /* netflix.png */; };
		7402957F10236D7700CE6278 /* pandora.png in Resources */ = {isa = PBXBuildFile; fileRef = 7402955910236D7700CE6278 /* pandora.png */; };
		7402958010236D7700CE6278 /* picasa.png in Resources */ = {isa = PBXBuildFile; fileRef = 7402955A10236D7700CE6278 /* picasa.png */; };
		7402958110236D7700CE6278 /* picture.png in Resources */ = {isa = PBXBuildFile; fileRef = 7402955B10236D7700CE6278 /* picture.png */; };
		7402958210236D7700CE6278 /* pownce.png in Resources */ = {isa = PBXBuildFile; fileRef = 7402955C10236D7700CE6278 /* pownce.png */; };
		7402958310236D7700CE6278 /* reddit.png in Resources */ = {isa = PBXBuildFile; fileRef = 7402955D10236D7700CE6278 /* reddit.png */; };
		7402958410236D7700CE6278 /* seesmic.png in Resources */ = {isa = PBXBuildFile; fileRef = 7402955E10236D7700CE6278 /* seesmic.png */; };
		7402958510236D7700CE6278 /* slideshare.png in Resources */ = {isa = PBXBuildFile; fileRef = 7402955F10236D7700CE6278 /* slideshare.png */; };
		7402958610236D7700CE6278 /* smugmug.png in Resources */ = {isa = PBXBuildFile; fileRef = 7402956010236D7700CE6278 /* smugmug.png */; };
		7402958710236D7700CE6278 /* stumbleupon.png in Resources */ = {isa = PBXBuildFile; fileRef = 7402956110236D7700CE6278 /* stumbleupon.png */; };
		7402958810236D7700CE6278 /* toolbar_settings.png in Resources */ = {isa = PBXBuildFile; fileRef = 7402956210236D7700CE6278 /* toolbar_settings.png */; };
		7402958910236D7700CE6278 /* tumblr.png in Resources */ = {isa = PBXBuildFile; fileRef = 7402956310236D7700CE6278 /* tumblr.png */; };
		7402958A10236D7700CE6278 /* twitter.png in Resources */ = {isa = PBXBuildFile; fileRef = 7402956410236D7700CE6278 /* twitter.png */; };
		7402958B10236D7700CE6278 /* upcoming.png in Resources */ = {isa = PBXBuildFile; fileRef = 7402956510236D7700CE6278 /* upcoming.png */; };
		7402958C10236D7700CE6278 /* vimeo.png in Resources */ = {isa = PBXBuildFile; fileRef = 7402956610236D7700CE6278 /* vimeo.png */; };
		7402958D10236D7700CE6278 /* yelp.png in Resources */ = {isa = PBXBuildFile; fileRef = 7402956710236D7700CE6278 /* yelp.png */; };
		7402958E10236D7700CE6278 /* youtube.png in Resources */ = {isa = PBXBuildFile; fileRef = 7402956810236D7700CE6278 /* youtube.png */; };
		7402958F10236D7700CE6278 /* zooomr.png in Resources */ = {isa = PBXBuildFile; fileRef = 7402956910236D7700CE6278 /* zooomr.png */; };
		740A8DD6102448D20054A810 /* Connector.m in Sources */ = {isa = PBXBuildFile; fileRef = 740A8DD5102448D20054A810 /* Connector.m */; };
		740A8E9410246E160054A810 /* FriendFeedAPI.m in Sources */ = {isa = PBXBuildFile; fileRef = 740A8E9310246E160054A810 /* FriendFeedAPI.m */; };
		740A90B31025D1350054A810 /* HomeList.m in Sources */ = {isa = PBXBuildFile; fileRef = 740A90B21025D1350054A810 /* HomeList.m */; };
		740A90FD1025D70C0054A810 /* FeedItem.m in Sources */ = {isa = PBXBuildFile; fileRef = 740A90FC1025D70C0054A810 /* FeedItem.m */; };
		740A91B51025E5A00054A810 /* EveryoneList.m in Sources */ = {isa = PBXBuildFile; fileRef = 740A91B41025E5A00054A810 /* EveryoneList.m */; };
		74762B7110221C4A00170A19 /* PreferencesController.m in Sources */ = {isa = PBXBuildFile; fileRef = 74762B7010221C4A00170A19 /* PreferencesController.m */; };
		748711EF10275B7500420DA6 /* FFURLConnection.m in Sources */ = {isa = PBXBuildFile; fileRef = 748711EE10275B7500420DA6 /* FFURLConnection.m */; };
		748712CF1027674900420DA6 /* FFList.m in Sources */ = {isa = PBXBuildFile; fileRef = 748712CE1027674900420DA6 /* FFList.m */; };
		74DC754A1026A5E1008E8823 /* Base64.m in Sources */ = {isa = PBXBuildFile; fileRef = 74DC75491026A5E1008E8823 /* Base64.m */; };
		74DC75611026A662008E8823 /* settings.xib in Resources */ = {isa = PBXBuildFile; fileRef = 74DC75601026A662008E8823 /* settings.xib */; };
/* End PBXBuildFile section */

/* Begin PBXFileReference section */
		1D30AB110D05D00D00671497 /* Foundation.framework */ = {isa = PBXFileReference; lastKnownFileType = wrapper.framework; name = Foundation.framework; path = System/Library/Frameworks/Foundation.framework; sourceTree = SDKROOT; };
		1D3623240D0F684500981E51 /* FriendFeedAppDelegate.h */ = {isa = PBXFileReference; fileEncoding = 4; lastKnownFileType = sourcecode.c.h; path = FriendFeedAppDelegate.h; sourceTree = "<group>"; };
		1D3623250D0F684500981E51 /* FriendFeedAppDelegate.m */ = {isa = PBXFileReference; fileEncoding = 4; lastKnownFileType = sourcecode.c.objc; path = FriendFeedAppDelegate.m; sourceTree = "<group>"; };
		1D3623EB0D0F72F000981E51 /* CoreGraphics.framework */ = {isa = PBXFileReference; lastKnownFileType = wrapper.framework; name = CoreGraphics.framework; path = System/Library/Frameworks/CoreGraphics.framework; sourceTree = SDKROOT; };
		1D6058910D05DD3D006BFB54 /* FriendFeed.app */ = {isa = PBXFileReference; explicitFileType = wrapper.application; includeInIndex = 0; path = FriendFeed.app; sourceTree = BUILT_PRODUCTS_DIR; };
		1DF5F4DF0D08C38300B7A737 /* UIKit.framework */ = {isa = PBXFileReference; lastKnownFileType = wrapper.framework; name = UIKit.framework; path = System/Library/Frameworks/UIKit.framework; sourceTree = SDKROOT; };
		29B97316FDCFA39411CA2CEA /* main.m */ = {isa = PBXFileReference; fileEncoding = 4; lastKnownFileType = sourcecode.c.objc; path = main.m; sourceTree = "<group>"; };
		32CA4F630368D1EE00C91783 /* FriendFeed_Prefix.pch */ = {isa = PBXFileReference; fileEncoding = 4; lastKnownFileType = sourcecode.c.h; path = FriendFeed_Prefix.pch; sourceTree = "<group>"; };
		3473CF520DA609B500728B98 /* EveryoneListController.h */ = {isa = PBXFileReference; fileEncoding = 4; lastKnownFileType = sourcecode.c.h; path = EveryoneListController.h; sourceTree = "<group>"; };
		3473CF530DA609B500728B98 /* EveryoneListController.m */ = {isa = PBXFileReference; fileEncoding = 4; lastKnownFileType = sourcecode.c.objc; path = EveryoneListController.m; sourceTree = "<group>"; };
		3473D0620DA6994500728B98 /* HomeListController.h */ = {isa = PBXFileReference; fileEncoding = 4; lastKnownFileType = sourcecode.c.h; path = HomeListController.h; sourceTree = "<group>"; };
		3473D0630DA6994500728B98 /* HomeListController.m */ = {isa = PBXFileReference; fileEncoding = 4; lastKnownFileType = sourcecode.c.objc; path = HomeListController.m; sourceTree = "<group>"; };
		3478E2F80DA9E9F3003A078A /* UICellTextView.h */ = {isa = PBXFileReference; fileEncoding = 4; lastKnownFileType = sourcecode.c.h; path = UICellTextView.h; sourceTree = "<group>"; };
		3478E2F90DA9E9F3003A078A /* UICellTextView.m */ = {isa = PBXFileReference; fileEncoding = 4; lastKnownFileType = sourcecode.c.objc; path = UICellTextView.m; sourceTree = "<group>"; };
		3478E2FC0DA9EA46003A078A /* Constants.h */ = {isa = PBXFileReference; fileEncoding = 4; lastKnownFileType = sourcecode.c.h; path = Constants.h; sourceTree = "<group>"; };
		3478E3010DA9EBAF003A078A /* UISourceCell.h */ = {isa = PBXFileReference; fileEncoding = 4; lastKnownFileType = sourcecode.c.h; path = UISourceCell.h; sourceTree = "<group>"; };
		3478E3020DA9EBAF003A078A /* UISourceCell.m */ = {isa = PBXFileReference; fileEncoding = 4; lastKnownFileType = sourcecode.c.objc; path = UISourceCell.m; sourceTree = "<group>"; };
		348626A90DA2BFC100908BFC /* NSCharacterSet_Extensions.h */ = {isa = PBXFileReference; fileEncoding = 4; lastKnownFileType = sourcecode.c.h; path = NSCharacterSet_Extensions.h; sourceTree = "<group>"; };
		348626AA0DA2BFC100908BFC /* NSCharacterSet_Extensions.m */ = {isa = PBXFileReference; fileEncoding = 4; lastKnownFileType = sourcecode.c.objc; path = NSCharacterSet_Extensions.m; sourceTree = "<group>"; };
		348626AB0DA2BFC100908BFC /* NSScanner_Extensions.h */ = {isa = PBXFileReference; fileEncoding = 4; lastKnownFileType = sourcecode.c.h; path = NSScanner_Extensions.h; sourceTree = "<group>"; };
		348626AC0DA2BFC100908BFC /* NSScanner_Extensions.m */ = {isa = PBXFileReference; fileEncoding = 4; lastKnownFileType = sourcecode.c.objc; path = NSScanner_Extensions.m; sourceTree = "<group>"; };
		348626AE0DA2BFC100908BFC /* CJSONDeserializer.h */ = {isa = PBXFileReference; fileEncoding = 4; lastKnownFileType = sourcecode.c.h; path = CJSONDeserializer.h; sourceTree = "<group>"; };
		348626AF0DA2BFC100908BFC /* CJSONDeserializer.m */ = {isa = PBXFileReference; fileEncoding = 4; lastKnownFileType = sourcecode.c.objc; path = CJSONDeserializer.m; sourceTree = "<group>"; };
		348626B00DA2BFC100908BFC /* CJSONScanner.h */ = {isa = PBXFileReference; fileEncoding = 4; lastKnownFileType = sourcecode.c.h; path = CJSONScanner.h; sourceTree = "<group>"; };
		348626B10DA2BFC100908BFC /* CJSONScanner.m */ = {isa = PBXFileReference; fileEncoding = 4; lastKnownFileType = sourcecode.c.objc; path = CJSONScanner.m; sourceTree = "<group>"; };
		348626B20DA2BFC100908BFC /* CJSONSerializer.h */ = {isa = PBXFileReference; fileEncoding = 4; lastKnownFileType = sourcecode.c.h; path = CJSONSerializer.h; sourceTree = "<group>"; };
		348626B30DA2BFC100908BFC /* CJSONSerializer.m */ = {isa = PBXFileReference; fileEncoding = 4; lastKnownFileType = sourcecode.c.objc; path = CJSONSerializer.m; sourceTree = "<group>"; };
		3488FDCC0DA41B53004CCDFC /* FeedItemTableViewCell.h */ = {isa = PBXFileReference; fileEncoding = 4; lastKnownFileType = sourcecode.c.h; path = FeedItemTableViewCell.h; sourceTree = "<group>"; };
		3488FDCD0DA41B53004CCDFC /* FeedItemTableViewCell.m */ = {isa = PBXFileReference; fileEncoding = 4; lastKnownFileType = sourcecode.c.objc; path = FeedItemTableViewCell.m; sourceTree = "<group>"; };
		34BAC9070DA99AC800191429 /* DetailViewController.h */ = {isa = PBXFileReference; fileEncoding = 4; lastKnownFileType = sourcecode.c.h; path = DetailViewController.h; sourceTree = "<group>"; };
		34BAC9080DA99AC800191429 /* DetailViewController.m */ = {isa = PBXFileReference; fileEncoding = 4; lastKnownFileType = sourcecode.c.objc; path = DetailViewController.m; sourceTree = "<group>"; };
		7402954410236D7700CE6278 /* amazon.png */ = {isa = PBXFileReference; lastKnownFileType = image.png; name = amazon.png; path = Resources/amazon.png; sourceTree = "<group>"; };
		7402954510236D7700CE6278 /* blog.png */ = {isa = PBXFileReference; lastKnownFileType = image.png; name = blog.png; path = Resources/blog.png; sourceTree = "<group>"; };
		7402954610236D7700CE6278 /* delicious.png */ = {isa = PBXFileReference; lastKnownFileType = image.png; name = delicious.png; path = Resources/delicious.png; sourceTree = "<group>"; };
		7402954710236D7700CE6278 /* digg.png */ = {isa = PBXFileReference; lastKnownFileType = image.png; name = digg.png; path = Resources/digg.png; sourceTree = "<group>"; };
		7402954810236D7700CE6278 /* disqus.png */ = {isa = PBXFileReference; lastKnownFileType = image.png; name = disqus.png; path = Resources/disqus.png; sourceTree = "<group>"; };
		7402954910236D7700CE6278 /* everyone.png */ = {isa = PBXFileReference; lastKnownFileType = image.png; name = everyone.png; path = Resources/everyone.png; sourceTree = "<group>"; };
		7402954A10236D7700CE6278 /* flickr.png */ = {isa = PBXFileReference; lastKnownFileType = image.png; name = flickr.png; path = Resources/flickr.png; sourceTree = "<group>"; };
		7402954B10236D7700CE6278 /* furl.png */ = {isa = PBXFileReference; lastKnownFileType = image.png; name = furl.png; path = Resources/furl.png; sourceTree = "<group>"; };
		7402954C10236D7700CE6278 /* goodreads.png */ = {isa = PBXFileReference; lastKnownFileType = image.png; name = goodreads.png; path = Resources/goodreads.png; sourceTree = "<group>"; };
		7402954D10236D7700CE6278 /* googlereader.png */ = {isa = PBXFileReference; lastKnownFileType = image.png; name = googlereader.png; path = Resources/googlereader.png; sourceTree = "<group>"; };
		7402954E10236D7700CE6278 /* googleshared.png */ = {isa = PBXFileReference; lastKnownFileType = image.png; name = googleshared.png; path = Resources/googleshared.png; sourceTree = "<group>"; };
		7402954F10236D7700CE6278 /* googletalk.png */ = {isa = PBXFileReference; lastKnownFileType = image.png; name = googletalk.png; path = Resources/googletalk.png; sourceTree = "<group>"; };
		7402955010236D7700CE6278 /* ilike.png */ = {isa = PBXFileReference; lastKnownFileType = image.png; name = ilike.png; path = Resources/ilike.png; sourceTree = "<group>"; };
		7402955110236D7700CE6278 /* internal.png */ = {isa = PBXFileReference; lastKnownFileType = image.png; name = internal.png; path = Resources/internal.png; sourceTree = "<group>"; };
		7402955210236D7700CE6278 /* jaiku.png */ = {isa = PBXFileReference; lastKnownFileType = image.png; name = jaiku.png; path = Resources/jaiku.png; sourceTree = "<group>"; };
		7402955310236D7700CE6278 /* lastfm.png */ = {isa = PBXFileReference; lastKnownFileType = image.png; name = lastfm.png; path = Resources/lastfm.png; sourceTree = "<group>"; };
		7402955410236D7700CE6278 /* librarything.png */ = {isa = PBXFileReference; lastKnownFileType = image.png; name = librarything.png; path = Resources/librarything.png; sourceTree = "<group>"; };
		7402955510236D7700CE6278 /* linkedin.png */ = {isa = PBXFileReference; lastKnownFileType = image.png; name = linkedin.png; path = Resources/linkedin.png; sourceTree = "<group>"; };
		7402955610236D7700CE6278 /* logo-small.png */ = {isa = PBXFileReference; lastKnownFileType = image.png; name = "logo-small.png"; path = "Resources/logo-small.png"; sourceTree = "<group>"; };
		7402955710236D7700CE6278 /* magnolia.png */ = {isa = PBXFileReference; lastKnownFileType = image.png; name = magnolia.png; path = Resources/magnolia.png; sourceTree = "<group>"; };
		7402955810236D7700CE6278 /* netflix.png */ = {isa = PBXFileReference; lastKnownFileType = image.png; name = netflix.png; path = Resources/netflix.png; sourceTree = "<group>"; };
		7402955910236D7700CE6278 /* pandora.png */ = {isa = PBXFileReference; lastKnownFileType = image.png; name = pandora.png; path = Resources/pandora.png; sourceTree = "<group>"; };
		7402955A10236D7700CE6278 /* picasa.png */ = {isa = PBXFileReference; lastKnownFileType = image.png; name = picasa.png; path = Resources/picasa.png; sourceTree = "<group>"; };
		7402955B10236D7700CE6278 /* picture.png */ = {isa = PBXFileReference; lastKnownFileType = image.png; name = picture.png; path = Resources/picture.png; sourceTree = "<group>"; };
		7402955C10236D7700CE6278 /* pownce.png */ = {isa = PBXFileReference; lastKnownFileType = image.png; name = pownce.png; path = Resources/pownce.png; sourceTree = "<group>"; };
		7402955D10236D7700CE6278 /* reddit.png */ = {isa = PBXFileReference; lastKnownFileType = image.png; name = reddit.png; path = Resources/reddit.png; sourceTree = "<group>"; };
		7402955E10236D7700CE6278 /* seesmic.png */ = {isa = PBXFileReference; lastKnownFileType = image.png; name = seesmic.png; path = Resources/seesmic.png; sourceTree = "<group>"; };
		7402955F10236D7700CE6278 /* slideshare.png */ = {isa = PBXFileReference; lastKnownFileType = image.png; name = slideshare.png; path = Resources/slideshare.png; sourceTree = "<group>"; };
		7402956010236D7700CE6278 /* smugmug.png */ = {isa = PBXFileReference; lastKnownFileType = image.png; name = smugmug.png; path = Resources/smugmug.png; sourceTree = "<group>"; };
		7402956110236D7700CE6278 /* stumbleupon.png */ = {isa = PBXFileReference; lastKnownFileType = image.png; name = stumbleupon.png; path = Resources/stumbleupon.png; sourceTree = "<group>"; };
		7402956210236D7700CE6278 /* toolbar_settings.png */ = {isa = PBXFileReference; lastKnownFileType = image.png; name = toolbar_settings.png; path = Resources/toolbar_settings.png; sourceTree = "<group>"; };
		7402956310236D7700CE6278 /* tumblr.png */ = {isa = PBXFileReference; lastKnownFileType = image.png; name = tumblr.png; path = Resources/tumblr.png; sourceTree = "<group>"; };
		7402956410236D7700CE6278 /* twitter.png */ = {isa = PBXFileReference; lastKnownFileType = image.png; name = twitter.png; path = Resources/twitter.png; sourceTree = "<group>"; };
		7402956510236D7700CE6278 /* upcoming.png */ = {isa = PBXFileReference; lastKnownFileType = image.png; name = upcoming.png; path = Resources/upcoming.png; sourceTree = "<group>"; };
		7402956610236D7700CE6278 /* vimeo.png */ = {isa = PBXFileReference; lastKnownFileType = image.png; name = vimeo.png; path = Resources/vimeo.png; sourceTree = "<group>"; };
		7402956710236D7700CE6278 /* yelp.png */ = {isa = PBXFileReference; lastKnownFileType = image.png; name = yelp.png; path = Resources/yelp.png; sourceTree = "<group>"; };
		7402956810236D7700CE6278 /* youtube.png */ = {isa = PBXFileReference; lastKnownFileType = image.png; name = youtube.png; path = Resources/youtube.png; sourceTree = "<group>"; };
		7402956910236D7700CE6278 /* zooomr.png */ = {isa = PBXFileReference; lastKnownFileType = image.png; name = zooomr.png; path = Resources/zooomr.png; sourceTree = "<group>"; };
		740A8DD4102448D20054A810 /* Connector.h */ = {isa = PBXFileReference; fileEncoding = 4; lastKnownFileType = sourcecode.c.h; name = Connector.h; path = API/Connector.h; sourceTree = "<group>"; };
		740A8DD5102448D20054A810 /* Connector.m */ = {isa = PBXFileReference; fileEncoding = 4; lastKnownFileType = sourcecode.c.objc; name = Connector.m; path = API/Connector.m; sourceTree = "<group>"; };
		740A8E7710245FE80054A810 /* FriendFeedDelegateProtocol.h */ = {isa = PBXFileReference; fileEncoding = 4; lastKnownFileType = sourcecode.c.h; name = FriendFeedDelegateProtocol.h; path = API/FriendFeedDelegateProtocol.h; sourceTree = "<group>"; };
		740A8E7A1024629F0054A810 /* RequestDataProtocol.h */ = {isa = PBXFileReference; fileEncoding = 4; lastKnownFileType = sourcecode.c.h; name = RequestDataProtocol.h; path = API/RequestDataProtocol.h; sourceTree = "<group>"; };
		740A8E8E10246C1B0054A810 /* FriendFeedProtocol.h */ = {isa = PBXFileReference; fileEncoding = 4; lastKnownFileType = sourcecode.c.h; name = FriendFeedProtocol.h; path = API/FriendFeedProtocol.h; sourceTree = "<group>"; };
		740A8E9210246E160054A810 /* FriendFeedAPI.h */ = {isa = PBXFileReference; fileEncoding = 4; lastKnownFileType = sourcecode.c.h; name = FriendFeedAPI.h; path = API/FriendFeedAPI.h; sourceTree = "<group>"; };
		740A8E9310246E160054A810 /* FriendFeedAPI.m */ = {isa = PBXFileReference; fileEncoding = 4; lastKnownFileType = sourcecode.c.objc; name = FriendFeedAPI.m; path = API/FriendFeedAPI.m; sourceTree = "<group>"; };
		740A90B11025D1350054A810 /* HomeList.h */ = {isa = PBXFileReference; fileEncoding = 4; lastKnownFileType = sourcecode.c.h; name = HomeList.h; path = Model/HomeList.h; sourceTree = "<group>"; };
		740A90B21025D1350054A810 /* HomeList.m */ = {isa = PBXFileReference; fileEncoding = 4; lastKnownFileType = sourcecode.c.objc; name = HomeList.m; path = Model/HomeList.m; sourceTree = "<group>"; };
		740A90FB1025D70C0054A810 /* FeedItem.h */ = {isa = PBXFileReference; fileEncoding = 4; lastKnownFileType = sourcecode.c.h; name = FeedItem.h; path = Model/FeedItem.h; sourceTree = "<group>"; };
		740A90FC1025D70C0054A810 /* FeedItem.m */ = {isa = PBXFileReference; fileEncoding = 4; lastKnownFileType = sourcecode.c.objc; name = FeedItem.m; path = Model/FeedItem.m; sourceTree = "<group>"; };
		740A91B31025E5A00054A810 /* EveryoneList.h */ = {isa = PBXFileReference; fileEncoding = 4; lastKnownFileType = sourcecode.c.h; name = EveryoneList.h; path = Model/EveryoneList.h; sourceTree = "<group>"; };
		740A91B41025E5A00054A810 /* EveryoneList.m */ = {isa = PBXFileReference; fileEncoding = 4; lastKnownFileType = sourcecode.c.objc; name = EveryoneList.m; path = Model/EveryoneList.m; sourceTree = "<group>"; };
		74762B6F10221C4A00170A19 /* PreferencesController.h */ = {isa = PBXFileReference; fileEncoding = 4; lastKnownFileType = sourcecode.c.h; path = PreferencesController.h; sourceTree = "<group>"; };
		74762B7010221C4A00170A19 /* PreferencesController.m */ = {isa = PBXFileReference; fileEncoding = 4; lastKnownFileType = sourcecode.c.objc; path = PreferencesController.m; sourceTree = "<group>"; };
		748711ED10275B7500420DA6 /* FFURLConnection.h */ = {isa = PBXFileReference; fileEncoding = 4; lastKnownFileType = sourcecode.c.h; name = FFURLConnection.h; path = API/FFURLConnection.h; sourceTree = "<group>"; };
		748711EE10275B7500420DA6 /* FFURLConnection.m */ = {isa = PBXFileReference; fileEncoding = 4; lastKnownFileType = sourcecode.c.objc; name = FFURLConnection.m; path = API/FFURLConnection.m; sourceTree = "<group>"; };
		748712CD1027674900420DA6 /* FFList.h */ = {isa = PBXFileReference; fileEncoding = 4; lastKnownFileType = sourcecode.c.h; name = FFList.h; path = API/FFList.h; sourceTree = "<group>"; };
		748712CE1027674900420DA6 /* FFList.m */ = {isa = PBXFileReference; fileEncoding = 4; lastKnownFileType = sourcecode.c.objc; name = FFList.m; path = API/FFList.m; sourceTree = "<group>"; };
		74DC75481026A5E1008E8823 /* Base64.h */ = {isa = PBXFileReference; fileEncoding = 4; lastKnownFileType = sourcecode.c.h; name = Base64.h; path = API/Base64.h; sourceTree = "<group>"; };
		74DC75491026A5E1008E8823 /* Base64.m */ = {isa = PBXFileReference; fileEncoding = 4; lastKnownFileType = sourcecode.c.objc; name = Base64.m; path = API/Base64.m; sourceTree = "<group>"; };
		74DC75601026A662008E8823 /* settings.xib */ = {isa = PBXFileReference; lastKnownFileType = file.xib; path = settings.xib; sourceTree = "<group>"; };
		8D1107310486CEB800E47090 /* Info.plist */ = {isa = PBXFileReference; fileEncoding = 4; lastKnownFileType = text.plist.xml; path = Info.plist; sourceTree = "<group>"; };
/* End PBXFileReference section */

/* Begin PBXFrameworksBuildPhase section */
		1D60588F0D05DD3D006BFB54 /* Frameworks */ = {
			isa = PBXFrameworksBuildPhase;
			buildActionMask = 2147483647;
			files = (
				1D60589F0D05DD5A006BFB54 /* Foundation.framework in Frameworks */,
				1DF5F4E00D08C38300B7A737 /* UIKit.framework in Frameworks */,
				1D3623EC0D0F72F000981E51 /* CoreGraphics.framework in Frameworks */,
			);
			runOnlyForDeploymentPostprocessing = 0;
		};
/* End PBXFrameworksBuildPhase section */

/* Begin PBXGroup section */
		080E96DDFE201D6D7F000001 /* Classes */ = {
			isa = PBXGroup;
			children = (
				740A90B01025D0FC0054A810 /* Model */,
				740A8DD3102448940054A810 /* API */,
				74762B6F10221C4A00170A19 /* PreferencesController.h */,
				74762B7010221C4A00170A19 /* PreferencesController.m */,
				1D3623240D0F684500981E51 /* FriendFeedAppDelegate.h */,
				1D3623250D0F684500981E51 /* FriendFeedAppDelegate.m */,
				3488FDCC0DA41B53004CCDFC /* FeedItemTableViewCell.h */,
				3488FDCD0DA41B53004CCDFC /* FeedItemTableViewCell.m */,
				3473CF520DA609B500728B98 /* EveryoneListController.h */,
				3473CF530DA609B500728B98 /* EveryoneListController.m */,
				3473D0620DA6994500728B98 /* HomeListController.h */,
				3473D0630DA6994500728B98 /* HomeListController.m */,
				34BAC9070DA99AC800191429 /* DetailViewController.h */,
				34BAC9080DA99AC800191429 /* DetailViewController.m */,
				3478E2F80DA9E9F3003A078A /* UICellTextView.h */,
				3478E2F90DA9E9F3003A078A /* UICellTextView.m */,
				3478E3010DA9EBAF003A078A /* UISourceCell.h */,
				3478E3020DA9EBAF003A078A /* UISourceCell.m */,
			);
			path = Classes;
			sourceTree = "<group>";
		};
		1058C7A0FEA54F0111CA2CBB /* Linked Frameworks */ = {
			isa = PBXGroup;
			children = (
				1D3623EB0D0F72F000981E51 /* CoreGraphics.framework */,
				1DF5F4DF0D08C38300B7A737 /* UIKit.framework */,
				1D30AB110D05D00D00671497 /* Foundation.framework */,
			);
			name = "Linked Frameworks";
			sourceTree = "<group>";
		};
		1058C7A2FEA54F0111CA2CBB /* Other Frameworks */ = {
			isa = PBXGroup;
			children = (
			);
			name = "Other Frameworks";
			sourceTree = "<group>";
		};
		19C28FACFE9D520D11CA2CBB /* Products */ = {
			isa = PBXGroup;
			children = (
				1D6058910D05DD3D006BFB54 /* FriendFeed.app */,
			);
			name = Products;
			sourceTree = "<group>";
		};
		29B97314FDCFA39411CA2CEA /* CustomTemplate */ = {
			isa = PBXGroup;
			children = (
				348626950DA2BF6B00908BFC /* Source */,
				080E96DDFE201D6D7F000001 /* Classes */,
				29B97315FDCFA39411CA2CEA /* Other Sources */,
				29B97317FDCFA39411CA2CEA /* Resources */,
				29B97323FDCFA39411CA2CEA /* Frameworks */,
				19C28FACFE9D520D11CA2CBB /* Products */,
				74DC75601026A662008E8823 /* settings.xib */,
			);
			name = CustomTemplate;
			sourceTree = "<group>";
		};
		29B97315FDCFA39411CA2CEA /* Other Sources */ = {
			isa = PBXGroup;
			children = (
				32CA4F630368D1EE00C91783 /* FriendFeed_Prefix.pch */,
				29B97316FDCFA39411CA2CEA /* main.m */,
			);
			name = "Other Sources";
			sourceTree = "<group>";
		};
		29B97317FDCFA39411CA2CEA /* Resources */ = {
			isa = PBXGroup;
			children = (
				7402954410236D7700CE6278 /* amazon.png */,
				7402954510236D7700CE6278 /* blog.png */,
				7402954610236D7700CE6278 /* delicious.png */,
				7402954710236D7700CE6278 /* digg.png */,
				7402954810236D7700CE6278 /* disqus.png */,
				7402954910236D7700CE6278 /* everyone.png */,
				7402954A10236D7700CE6278 /* flickr.png */,
				7402954B10236D7700CE6278 /* furl.png */,
				7402954C10236D7700CE6278 /* goodreads.png */,
				7402954D10236D7700CE6278 /* googlereader.png */,
				7402954E10236D7700CE6278 /* googleshared.png */,
				7402954F10236D7700CE6278 /* googletalk.png */,
				7402955010236D7700CE6278 /* ilike.png */,
				7402955110236D7700CE6278 /* internal.png */,
				7402955210236D7700CE6278 /* jaiku.png */,
				7402955310236D7700CE6278 /* lastfm.png */,
				7402955410236D7700CE6278 /* librarything.png */,
				7402955510236D7700CE6278 /* linkedin.png */,
				7402955610236D7700CE6278 /* logo-small.png */,
				7402955710236D7700CE6278 /* magnolia.png */,
				7402955810236D7700CE6278 /* netflix.png */,
				7402955910236D7700CE6278 /* pandora.png */,
				7402955A10236D7700CE6278 /* picasa.png */,
				7402955B10236D7700CE6278 /* picture.png */,
				7402955C10236D7700CE6278 /* pownce.png */,
				7402955D10236D7700CE6278 /* reddit.png */,
				7402955E10236D7700CE6278 /* seesmic.png */,
				7402955F10236D7700CE6278 /* slideshare.png */,
				7402956010236D7700CE6278 /* smugmug.png */,
				7402956110236D7700CE6278 /* stumbleupon.png */,
				7402956210236D7700CE6278 /* toolbar_settings.png */,
				7402956310236D7700CE6278 /* tumblr.png */,
				7402956410236D7700CE6278 /* twitter.png */,
				7402956510236D7700CE6278 /* upcoming.png */,
				7402956610236D7700CE6278 /* vimeo.png */,
				7402956710236D7700CE6278 /* yelp.png */,
				7402956810236D7700CE6278 /* youtube.png */,
				7402956910236D7700CE6278 /* zooomr.png */,
				8D1107310486CEB800E47090 /* Info.plist */,
			);
			name = Resources;
			sourceTree = "<group>";
		};
		29B97323FDCFA39411CA2CEA /* Frameworks */ = {
			isa = PBXGroup;
			children = (
				1058C7A0FEA54F0111CA2CBB /* Linked Frameworks */,
				1058C7A2FEA54F0111CA2CBB /* Other Frameworks */,
			);
			name = Frameworks;
			sourceTree = "<group>";
		};
		348626950DA2BF6B00908BFC /* Source */ = {
			isa = PBXGroup;
			children = (
				348626A80DA2BFC100908BFC /* Extensions */,
				348626AD0DA2BFC100908BFC /* JSON */,
				3478E2FC0DA9EA46003A078A /* Constants.h */,
			);
			name = Source;
			sourceTree = "<group>";
		};
		348626A80DA2BFC100908BFC /* Extensions */ = {
			isa = PBXGroup;
			children = (
				348626A90DA2BFC100908BFC /* NSCharacterSet_Extensions.h */,
				348626AA0DA2BFC100908BFC /* NSCharacterSet_Extensions.m */,
				348626AB0DA2BFC100908BFC /* NSScanner_Extensions.h */,
				348626AC0DA2BFC100908BFC /* NSScanner_Extensions.m */,
			);
			path = Extensions;
			sourceTree = "<group>";
		};
		348626AD0DA2BFC100908BFC /* JSON */ = {
			isa = PBXGroup;
			children = (
				348626AE0DA2BFC100908BFC /* CJSONDeserializer.h */,
				348626AF0DA2BFC100908BFC /* CJSONDeserializer.m */,
				348626B00DA2BFC100908BFC /* CJSONScanner.h */,
				348626B10DA2BFC100908BFC /* CJSONScanner.m */,
				348626B20DA2BFC100908BFC /* CJSONSerializer.h */,
				348626B30DA2BFC100908BFC /* CJSONSerializer.m */,
			);
			path = JSON;
			sourceTree = "<group>";
		};
		740A8DD3102448940054A810 /* API */ = {
			isa = PBXGroup;
			children = (
				74DC75481026A5E1008E8823 /* Base64.h */,
				74DC75491026A5E1008E8823 /* Base64.m */,
				740A8E9210246E160054A810 /* FriendFeedAPI.h */,
				740A8E9310246E160054A810 /* FriendFeedAPI.m */,
				740A8E7A1024629F0054A810 /* RequestDataProtocol.h */,
				740A8DD4102448D20054A810 /* Connector.h */,
				740A8DD5102448D20054A810 /* Connector.m */,
				740A8E7710245FE80054A810 /* FriendFeedDelegateProtocol.h */,
				740A8E8E10246C1B0054A810 /* FriendFeedProtocol.h */,
				748711ED10275B7500420DA6 /* FFURLConnection.h */,
				748711EE10275B7500420DA6 /* FFURLConnection.m */,
			);
			name = API;
			sourceTree = "<group>";
		};
		740A90B01025D0FC0054A810 /* Model */ = {
			isa = PBXGroup;
			children = (
				740A90FB1025D70C0054A810 /* FeedItem.h */,
				740A90FC1025D70C0054A810 /* FeedItem.m */,
				740A90B11025D1350054A810 /* HomeList.h */,
				740A90B21025D1350054A810 /* HomeList.m */,
				740A91B31025E5A00054A810 /* EveryoneList.h */,
				740A91B41025E5A00054A810 /* EveryoneList.m */,
				748712CD1027674900420DA6 /* FFList.h */,
				748712CE1027674900420DA6 /* FFList.m */,
			);
			name = Model;
			sourceTree = "<group>";
		};
/* End PBXGroup section */

/* Begin PBXNativeTarget section */
		1D6058900D05DD3D006BFB54 /* FriendFeed */ = {
			isa = PBXNativeTarget;
			buildConfigurationList = 1D6058960D05DD3E006BFB54 /* Build configuration list for PBXNativeTarget "FriendFeed" */;
			buildPhases = (
				1D60588D0D05DD3D006BFB54 /* Resources */,
				1D60588E0D05DD3D006BFB54 /* Sources */,
				1D60588F0D05DD3D006BFB54 /* Frameworks */,
			);
			buildRules = (
			);
			dependencies = (
			);
			name = FriendFeed;
			productName = FriendFeed;
			productReference = 1D6058910D05DD3D006BFB54 /* FriendFeed.app */;
			productType = "com.apple.product-type.application";
		};
/* End PBXNativeTarget section */

/* Begin PBXProject section */
		29B97313FDCFA39411CA2CEA /* Project object */ = {
			isa = PBXProject;
			buildConfigurationList = C01FCF4E08A954540054247B /* Build configuration list for PBXProject "FriendFeed" */;
			compatibilityVersion = "Xcode 3.1";
			hasScannedForEncodings = 1;
			mainGroup = 29B97314FDCFA39411CA2CEA /* CustomTemplate */;
			projectDirPath = "";
			projectRoot = "";
			targets = (
				1D6058900D05DD3D006BFB54 /* FriendFeed */,
			);
		};
/* End PBXProject section */

/* Begin PBXResourcesBuildPhase section */
		1D60588D0D05DD3D006BFB54 /* Resources */ = {
			isa = PBXResourcesBuildPhase;
			buildActionMask = 2147483647;
			files = (
				7402956A10236D7700CE6278 /* amazon.png in Resources */,
				7402956B10236D7700CE6278 /* blog.png in Resources */,
				7402956C10236D7700CE6278 /* delicious.png in Resources */,
				7402956D10236D7700CE6278 /* digg.png in Resources */,
				7402956E10236D7700CE6278 /* disqus.png in Resources */,
				7402956F10236D7700CE6278 /* everyone.png in Resources */,
				7402957010236D7700CE6278 /* flickr.png in Resources */,
				7402957110236D7700CE6278 /* furl.png in Resources */,
				7402957210236D7700CE6278 /* goodreads.png in Resources */,
				7402957310236D7700CE6278 /* googlereader.png in Resources */,
				7402957410236D7700CE6278 /* googleshared.png in Resources */,
				7402957510236D7700CE6278 /* googletalk.png in Resources */,
				7402957610236D7700CE6278 /* ilike.png in Resources */,
				7402957710236D7700CE6278 /* internal.png in Resources */,
				7402957810236D7700CE6278 /* jaiku.png in Resources */,
				7402957910236D7700CE6278 /* lastfm.png in Resources */,
				7402957A10236D7700CE6278 /* librarything.png in Resources */,
				7402957B10236D7700CE6278 /* linkedin.png in Resources */,
				7402957C10236D7700CE6278 /* logo-small.png in Resources */,
				7402957D10236D7700CE6278 /* magnolia.png in Resources */,
				7402957E10236D7700CE6278 /* netflix.png in Resources */,
				7402957F10236D7700CE6278 /* pandora.png in Resources */,
				7402958010236D7700CE6278 /* picasa.png in Resources */,
				7402958110236D7700CE6278 /* picture.png in Resources */,
				7402958210236D7700CE6278 /* pownce.png in Resources */,
				7402958310236D7700CE6278 /* reddit.png in Resources */,
				7402958410236D7700CE6278 /* seesmic.png in Resources */,
				7402958510236D7700CE6278 /* slideshare.png in Resources */,
				7402958610236D7700CE6278 /* smugmug.png in Resources */,
				7402958710236D7700CE6278 /* stumbleupon.png in Resources */,
				7402958810236D7700CE6278 /* toolbar_settings.png in Resources */,
				7402958910236D7700CE6278 /* tumblr.png in Resources */,
				7402958A10236D7700CE6278 /* twitter.png in Resources */,
				7402958B10236D7700CE6278 /* upcoming.png in Resources */,
				7402958C10236D7700CE6278 /* vimeo.png in Resources */,
				7402958D10236D7700CE6278 /* yelp.png in Resources */,
				7402958E10236D7700CE6278 /* youtube.png in Resources */,
				7402958F10236D7700CE6278 /* zooomr.png in Resources */,
				74DC75611026A662008E8823 /* settings.xib in Resources */,
			);
			runOnlyForDeploymentPostprocessing = 0;
		};
/* End PBXResourcesBuildPhase section */

/* Begin PBXSourcesBuildPhase section */
		1D60588E0D05DD3D006BFB54 /* Sources */ = {
			isa = PBXSourcesBuildPhase;
			buildActionMask = 2147483647;
			files = (
				1D60589B0D05DD56006BFB54 /* main.m in Sources */,
				1D3623260D0F684500981E51 /* FriendFeedAppDelegate.m in Sources */,
				348626B40DA2BFC100908BFC /* NSCharacterSet_Extensions.m in Sources */,
				348626B50DA2BFC100908BFC /* NSScanner_Extensions.m in Sources */,
				348626B60DA2BFC100908BFC /* CJSONDeserializer.m in Sources */,
				348626B70DA2BFC100908BFC /* CJSONScanner.m in Sources */,
				348626B80DA2BFC100908BFC /* CJSONSerializer.m in Sources */,
				3488FDCE0DA41B53004CCDFC /* FeedItemTableViewCell.m in Sources */,
				3473CF540DA609B500728B98 /* EveryoneListController.m in Sources */,
				3473D0640DA6994500728B98 /* HomeListController.m in Sources */,
				34BAC9090DA99AC800191429 /* DetailViewController.m in Sources */,
				3478E2FA0DA9E9F3003A078A /* UICellTextView.m in Sources */,
				3478E3030DA9EBAF003A078A /* UISourceCell.m in Sources */,
				74762B7110221C4A00170A19 /* PreferencesController.m in Sources */,
				740A8DD6102448D20054A810 /* Connector.m in Sources */,
				740A8E9410246E160054A810 /* FriendFeedAPI.m in Sources */,
				740A90B31025D1350054A810 /* HomeList.m in Sources */,
				740A90FD1025D70C0054A810 /* FeedItem.m in Sources */,
				740A91B51025E5A00054A810 /* EveryoneList.m in Sources */,
				74DC754A1026A5E1008E8823 /* Base64.m in Sources */,
				748711EF10275B7500420DA6 /* FFURLConnection.m in Sources */,
				748712CF1027674900420DA6 /* FFList.m in Sources */,
			);
			runOnlyForDeploymentPostprocessing = 0;
		};
/* End PBXSourcesBuildPhase section */

/* Begin XCBuildConfiguration section */
		1D6058940D05DD3E006BFB54 /* Debug */ = {
			isa = XCBuildConfiguration;
			buildSettings = {
				COPY_PHASE_STRIP = NO;
				DEBUG_INFORMATION_FORMAT = "dwarf-with-dsym";
				GCC_DYNAMIC_NO_PIC = NO;
				GCC_ENABLE_FIX_AND_CONTINUE = NO;
				GCC_OPTIMIZATION_LEVEL = 0;
				GCC_PRECOMPILE_PREFIX_HEADER = YES;
				GCC_PREFIX_HEADER = FriendFeed_Prefix.pch;
				INFOPLIST_FILE = Info.plist;
				PREBINDING = NO;
				PRODUCT_NAME = FriendFeed;
			};
			name = Debug;
		};
		1D6058950D05DD3E006BFB54 /* Release */ = {
			isa = XCBuildConfiguration;
			buildSettings = {
				COPY_PHASE_STRIP = YES;
				DEBUG_INFORMATION_FORMAT = "dwarf-with-dsym";
				GCC_ENABLE_FIX_AND_CONTINUE = NO;
				GCC_PRECOMPILE_PREFIX_HEADER = YES;
				GCC_PREFIX_HEADER = FriendFeed_Prefix.pch;
				INFOPLIST_FILE = Info.plist;
				PREBINDING = NO;
				PRODUCT_NAME = FriendFeed;
			};
			name = Release;
		};
		C01FCF4F08A954540054247B /* Debug */ = {
			isa = XCBuildConfiguration;
			buildSettings = {
				ALWAYS_SEARCH_USER_PATHS = NO;
				ARCHS = "$(ARCHS_STANDARD_32_BIT)";
				"CODE_SIGN_IDENTITY[sdk=iphoneos*]" = "iPhone Developer";
				GCC_C_LANGUAGE_STANDARD = c99;
				GCC_WARN_ABOUT_RETURN_TYPE = YES;
				GCC_WARN_UNUSED_VARIABLE = YES;
				ONLY_ACTIVE_ARCH = YES;
				PREBINDING = NO;
				SDKROOT = iphoneos2.0;
			};
			name = Debug;
		};
		C01FCF5008A954540054247B /* Release */ = {
			isa = XCBuildConfiguration;
			buildSettings = {
				ALWAYS_SEARCH_USER_PATHS = NO;
				ARCHS = "$(ARCHS_STANDARD_32_BIT)";
				GCC_C_LANGUAGE_STANDARD = c99;
				GCC_WARN_ABOUT_RETURN_TYPE = YES;
				GCC_WARN_UNUSED_VARIABLE = YES;
				PREBINDING = NO;
				SDKROOT = iphoneos2.0;
			};
			name = Release;
		};
/* End XCBuildConfiguration section */

/* Begin XCConfigurationList section */
		1D6058960D05DD3E006BFB54 /* Build configuration list for PBXNativeTarget "FriendFeed" */ = {
			isa = XCConfigurationList;
			buildConfigurations = (
				1D6058940D05DD3E006BFB54 /* Debug */,
				1D6058950D05DD3E006BFB54 /* Release */,
			);
			defaultConfigurationIsVisible = 0;
			defaultConfigurationName = Release;
		};
		C01FCF4E08A954540054247B /* Build configuration list for PBXProject "FriendFeed" */ = {
			isa = XCConfigurationList;
			buildConfigurations = (
				C01FCF4F08A954540054247B /* Debug */,
				C01FCF5008A954540054247B /* Release */,
			);
			defaultConfigurationIsVisible = 0;
			defaultConfigurationName = Release;
		};
/* End XCConfigurationList section */
	};
	rootObject = 29B97313FDCFA39411CA2CEA /* Project object */;
}
