// !$*UTF8*$!
{
	archiveVersion = 1;
	classes = {
	};
	objectVersion = 45;
	objects = {

/* Begin PBXBuildFile section */
		1D3623260D0F684500981E51 /* FriendFeedAppDelegate.m in Sources */ = {isa = PBXBuildFile; fileRef = 1D3623250D0F684500981E51 /* FriendFeedAppDelegate.m */; };
		1D3623EC0D0F72F000981E51 /* CoreGraphics.framework in Frameworks */ = {isa = PBXBuildFile; fileRef = 1D3623EB0D0F72F000981E51 /* CoreGraphics.framework */; };
		1D60589B0D05DD56006BFB54 /* main.m in Sources */ = {isa = PBXBuildFile; fileRef = 29B97316FDCFA39411CA2CEA /* main.m */; };
		1D60589F0D05DD5A006BFB54 /* Foundation.framework in Frameworks */ = {isa = PBXBuildFile; fileRef = 1D30AB110D05D00D00671497 /* Foundation.framework */; };
		1DF5F4E00D08C38300B7A737 /* UIKit.framework in Frameworks */ = {isa = PBXBuildFile; fileRef = 1DF5F4DF0D08C38300B7A737 /* UIKit.framework */; };
		3473D0640DA6994500728B98 /* HomeListController.m in Sources */ = {isa = PBXBuildFile; fileRef = 3473D0630DA6994500728B98 /* HomeListController.m */; };
		348626B40DA2BFC100908BFC /* NSCharacterSet_Extensions.m in Sources */ = {isa = PBXBuildFile; fileRef = 348626AA0DA2BFC100908BFC /* NSCharacterSet_Extensions.m */; };
		348626B50DA2BFC100908BFC /* NSScanner_Extensions.m in Sources */ = {isa = PBXBuildFile; fileRef = 348626AC0DA2BFC100908BFC /* NSScanner_Extensions.m */; };
		348626B60DA2BFC100908BFC /* CJSONDeserializer.m in Sources */ = {isa = PBXBuildFile; fileRef = 348626AF0DA2BFC100908BFC /* CJSONDeserializer.m */; };
		348626B70DA2BFC100908BFC /* CJSONScanner.m in Sources */ = {isa = PBXBuildFile; fileRef = 348626B10DA2BFC100908BFC /* CJSONScanner.m */; };
		348626B80DA2BFC100908BFC /* CJSONSerializer.m in Sources */ = {isa = PBXBuildFile; fileRef = 348626B30DA2BFC100908BFC /* CJSONSerializer.m */; };
		740A8DD6102448D20054A810 /* Connector.m in Sources */ = {isa = PBXBuildFile; fileRef = 740A8DD5102448D20054A810 /* Connector.m */; };
		740A8E9410246E160054A810 /* FriendFeedAPI.m in Sources */ = {isa = PBXBuildFile; fileRef = 740A8E9310246E160054A810 /* FriendFeedAPI.m */; };
		740A90B31025D1350054A810 /* HomeList.m in Sources */ = {isa = PBXBuildFile; fileRef = 740A90B21025D1350054A810 /* HomeList.m */; };
		740A90FD1025D70C0054A810 /* FeedItem.m in Sources */ = {isa = PBXBuildFile; fileRef = 740A90FC1025D70C0054A810 /* FeedItem.m */; };
		7419F685102DB0B200923924 /* NewFeedItemTableViewCell.m in Sources */ = {isa = PBXBuildFile; fileRef = 7419F684102DB0B200923924 /* NewFeedItemTableViewCell.m */; };
		742E93DA102F0FA3002D9417 /* ImageCache.m in Sources */ = {isa = PBXBuildFile; fileRef = 742E93D9102F0FA3002D9417 /* ImageCache.m */; };
		742E947F102F2143002D9417 /* DefaultFeedHandler.m in Sources */ = {isa = PBXBuildFile; fileRef = 742E947A102F2143002D9417 /* DefaultFeedHandler.m */; };
		742E9480102F2143002D9417 /* FeedHandler.m in Sources */ = {isa = PBXBuildFile; fileRef = 742E947C102F2143002D9417 /* FeedHandler.m */; };
		742E9481102F2143002D9417 /* PictureFeedHandler.m in Sources */ = {isa = PBXBuildFile; fileRef = 742E947E102F2143002D9417 /* PictureFeedHandler.m */; };
		74762B7110221C4A00170A19 /* PreferencesController.m in Sources */ = {isa = PBXBuildFile; fileRef = 74762B7010221C4A00170A19 /* PreferencesController.m */; };
		747E1DB7102EF655004A7607 /* nopic.png in Resources */ = {isa = PBXBuildFile; fileRef = 747E1DB4102EF655004A7607 /* nopic.png */; };
		747E1DB8102EF655004A7607 /* settings.xib in Resources */ = {isa = PBXBuildFile; fileRef = 747E1DB5102EF655004A7607 /* settings.xib */; };
		747E1DB9102EF655004A7607 /* TableViewCell.xib in Resources */ = {isa = PBXBuildFile; fileRef = 747E1DB6102EF655004A7607 /* TableViewCell.xib */; };
		748711EF10275B7500420DA6 /* FFURLConnection.m in Sources */ = {isa = PBXBuildFile; fileRef = 748711EE10275B7500420DA6 /* FFURLConnection.m */; };
		74878E0A103D9F96006A4ABD /* FFList.m in Sources */ = {isa = PBXBuildFile; fileRef = 74878E09103D9F96006A4ABD /* FFList.m */; };
		74878E54103DA707006A4ABD /* FFOperation.m in Sources */ = {isa = PBXBuildFile; fileRef = 74878E53103DA707006A4ABD /* FFOperation.m */; };
		74DC754A1026A5E1008E8823 /* Base64.m in Sources */ = {isa = PBXBuildFile; fileRef = 74DC75491026A5E1008E8823 /* Base64.m */; };
/* End PBXBuildFile section */

/* Begin PBXFileReference section */
		1D30AB110D05D00D00671497 /* Foundation.framework */ = {isa = PBXFileReference; lastKnownFileType = wrapper.framework; name = Foundation.framework; path = System/Library/Frameworks/Foundation.framework; sourceTree = SDKROOT; };
		1D3623240D0F684500981E51 /* FriendFeedAppDelegate.h */ = {isa = PBXFileReference; fileEncoding = 4; lastKnownFileType = sourcecode.c.h; path = FriendFeedAppDelegate.h; sourceTree = "<group>"; };
		1D3623250D0F684500981E51 /* FriendFeedAppDelegate.m */ = {isa = PBXFileReference; fileEncoding = 4; lastKnownFileType = sourcecode.c.objc; path = FriendFeedAppDelegate.m; sourceTree = "<group>"; };
		1D3623EB0D0F72F000981E51 /* CoreGraphics.framework */ = {isa = PBXFileReference; lastKnownFileType = wrapper.framework; name = CoreGraphics.framework; path = System/Library/Frameworks/CoreGraphics.framework; sourceTree = SDKROOT; };
		1D6058910D05DD3D006BFB54 /* FriendFeed.app */ = {isa = PBXFileReference; explicitFileType = wrapper.application; includeInIndex = 0; path = FriendFeed.app; sourceTree = BUILT_PRODUCTS_DIR; };
		1DF5F4DF0D08C38300B7A737 /* UIKit.framework */ = {isa = PBXFileReference; lastKnownFileType = wrapper.framework; name = UIKit.framework; path = System/Library/Frameworks/UIKit.framework; sourceTree = SDKROOT; };
		29B97316FDCFA39411CA2CEA /* main.m */ = {isa = PBXFileReference; fileEncoding = 4; lastKnownFileType = sourcecode.c.objc; path = main.m; sourceTree = "<group>"; };
		32CA4F630368D1EE00C91783 /* FriendFeed_Prefix.pch */ = {isa = PBXFileReference; fileEncoding = 4; lastKnownFileType = sourcecode.c.h; path = FriendFeed_Prefix.pch; sourceTree = "<group>"; };
		3473D0620DA6994500728B98 /* HomeListController.h */ = {isa = PBXFileReference; fileEncoding = 4; lastKnownFileType = sourcecode.c.h; path = HomeListController.h; sourceTree = "<group>"; };
		3473D0630DA6994500728B98 /* HomeListController.m */ = {isa = PBXFileReference; fileEncoding = 4; lastKnownFileType = sourcecode.c.objc; path = HomeListController.m; sourceTree = "<group>"; };
		3478E2FC0DA9EA46003A078A /* Constants.h */ = {isa = PBXFileReference; fileEncoding = 4; lastKnownFileType = sourcecode.c.h; path = Constants.h; sourceTree = "<group>"; };
		348626A90DA2BFC100908BFC /* NSCharacterSet_Extensions.h */ = {isa = PBXFileReference; fileEncoding = 4; lastKnownFileType = sourcecode.c.h; path = NSCharacterSet_Extensions.h; sourceTree = "<group>"; };
		348626AA0DA2BFC100908BFC /* NSCharacterSet_Extensions.m */ = {isa = PBXFileReference; fileEncoding = 4; lastKnownFileType = sourcecode.c.objc; path = NSCharacterSet_Extensions.m; sourceTree = "<group>"; };
		348626AB0DA2BFC100908BFC /* NSScanner_Extensions.h */ = {isa = PBXFileReference; fileEncoding = 4; lastKnownFileType = sourcecode.c.h; path = NSScanner_Extensions.h; sourceTree = "<group>"; };
		348626AC0DA2BFC100908BFC /* NSScanner_Extensions.m */ = {isa = PBXFileReference; fileEncoding = 4; lastKnownFileType = sourcecode.c.objc; path = NSScanner_Extensions.m; sourceTree = "<group>"; };
		348626AE0DA2BFC100908BFC /* CJSONDeserializer.h */ = {isa = PBXFileReference; fileEncoding = 4; lastKnownFileType = sourcecode.c.h; path = CJSONDeserializer.h; sourceTree = "<group>"; };
		348626AF0DA2BFC100908BFC /* CJSONDeserializer.m */ = {isa = PBXFileReference; fileEncoding = 4; lastKnownFileType = sourcecode.c.objc; path = CJSONDeserializer.m; sourceTree = "<group>"; };
		348626B00DA2BFC100908BFC /* CJSONScanner.h */ = {isa = PBXFileReference; fileEncoding = 4; lastKnownFileType = sourcecode.c.h; path = CJSONScanner.h; sourceTree = "<group>"; };
		348626B10DA2BFC100908BFC /* CJSONScanner.m */ = {isa = PBXFileReference; fileEncoding = 4; lastKnownFileType = sourcecode.c.objc; path = CJSONScanner.m; sourceTree = "<group>"; };
		348626B20DA2BFC100908BFC /* CJSONSerializer.h */ = {isa = PBXFileReference; fileEncoding = 4; lastKnownFileType = sourcecode.c.h; path = CJSONSerializer.h; sourceTree = "<group>"; };
		348626B30DA2BFC100908BFC /* CJSONSerializer.m */ = {isa = PBXFileReference; fileEncoding = 4; lastKnownFileType = sourcecode.c.objc; path = CJSONSerializer.m; sourceTree = "<group>"; };
		740A8DD4102448D20054A810 /* Connector.h */ = {isa = PBXFileReference; fileEncoding = 4; lastKnownFileType = sourcecode.c.h; name = Connector.h; path = API/Connector.h; sourceTree = "<group>"; };
		740A8DD5102448D20054A810 /* Connector.m */ = {isa = PBXFileReference; fileEncoding = 4; lastKnownFileType = sourcecode.c.objc; name = Connector.m; path = API/Connector.m; sourceTree = "<group>"; };
		740A8E7710245FE80054A810 /* FriendFeedDelegateProtocol.h */ = {isa = PBXFileReference; fileEncoding = 4; lastKnownFileType = sourcecode.c.h; name = FriendFeedDelegateProtocol.h; path = API/FriendFeedDelegateProtocol.h; sourceTree = "<group>"; };
		740A8E7A1024629F0054A810 /* RequestDataProtocol.h */ = {isa = PBXFileReference; fileEncoding = 4; lastKnownFileType = sourcecode.c.h; name = RequestDataProtocol.h; path = API/RequestDataProtocol.h; sourceTree = "<group>"; };
		740A8E8E10246C1B0054A810 /* FriendFeedProtocol.h */ = {isa = PBXFileReference; fileEncoding = 4; lastKnownFileType = sourcecode.c.h; name = FriendFeedProtocol.h; path = API/FriendFeedProtocol.h; sourceTree = "<group>"; };
		740A8E9210246E160054A810 /* FriendFeedAPI.h */ = {isa = PBXFileReference; fileEncoding = 4; lastKnownFileType = sourcecode.c.h; name = FriendFeedAPI.h; path = API/FriendFeedAPI.h; sourceTree = "<group>"; };
		740A8E9310246E160054A810 /* FriendFeedAPI.m */ = {isa = PBXFileReference; fileEncoding = 4; lastKnownFileType = sourcecode.c.objc; name = FriendFeedAPI.m; path = API/FriendFeedAPI.m; sourceTree = "<group>"; };
		740A90B11025D1350054A810 /* HomeList.h */ = {isa = PBXFileReference; fileEncoding = 4; lastKnownFileType = sourcecode.c.h; name = HomeList.h; path = Model/HomeList.h; sourceTree = "<group>"; };
		740A90B21025D1350054A810 /* HomeList.m */ = {isa = PBXFileReference; fileEncoding = 4; lastKnownFileType = sourcecode.c.objc; name = HomeList.m; path = Model/HomeList.m; sourceTree = "<group>"; };
		740A90FB1025D70C0054A810 /* FeedItem.h */ = {isa = PBXFileReference; fileEncoding = 4; lastKnownFileType = sourcecode.c.h; name = FeedItem.h; path = Model/FeedItem.h; sourceTree = "<group>"; };
		740A90FC1025D70C0054A810 /* FeedItem.m */ = {isa = PBXFileReference; fileEncoding = 4; lastKnownFileType = sourcecode.c.objc; name = FeedItem.m; path = Model/FeedItem.m; sourceTree = "<group>"; };
		7419F683102DB0B200923924 /* NewFeedItemTableViewCell.h */ = {isa = PBXFileReference; fileEncoding = 4; lastKnownFileType = sourcecode.c.h; path = NewFeedItemTableViewCell.h; sourceTree = "<group>"; };
		7419F684102DB0B200923924 /* NewFeedItemTableViewCell.m */ = {isa = PBXFileReference; fileEncoding = 4; lastKnownFileType = sourcecode.c.objc; path = NewFeedItemTableViewCell.m; sourceTree = "<group>"; };
		742E93D8102F0FA3002D9417 /* ImageCache.h */ = {isa = PBXFileReference; fileEncoding = 4; lastKnownFileType = sourcecode.c.h; name = ImageCache.h; path = API/ImageCache.h; sourceTree = "<group>"; };
		742E93D9102F0FA3002D9417 /* ImageCache.m */ = {isa = PBXFileReference; fileEncoding = 4; lastKnownFileType = sourcecode.c.objc; name = ImageCache.m; path = API/ImageCache.m; sourceTree = "<group>"; };
		742E9479102F2143002D9417 /* DefaultFeedHandler.h */ = {isa = PBXFileReference; fileEncoding = 4; lastKnownFileType = sourcecode.c.h; name = DefaultFeedHandler.h; path = API/FeedHandler/DefaultFeedHandler.h; sourceTree = "<group>"; };
		742E947A102F2143002D9417 /* DefaultFeedHandler.m */ = {isa = PBXFileReference; fileEncoding = 4; lastKnownFileType = sourcecode.c.objc; name = DefaultFeedHandler.m; path = API/FeedHandler/DefaultFeedHandler.m; sourceTree = "<group>"; };
		742E947B102F2143002D9417 /* FeedHandler.h */ = {isa = PBXFileReference; fileEncoding = 4; lastKnownFileType = sourcecode.c.h; name = FeedHandler.h; path = API/FeedHandler/FeedHandler.h; sourceTree = "<group>"; };
		742E947C102F2143002D9417 /* FeedHandler.m */ = {isa = PBXFileReference; fileEncoding = 4; lastKnownFileType = sourcecode.c.objc; name = FeedHandler.m; path = API/FeedHandler/FeedHandler.m; sourceTree = "<group>"; };
		742E947D102F2143002D9417 /* PictureFeedHandler.h */ = {isa = PBXFileReference; fileEncoding = 4; lastKnownFileType = sourcecode.c.h; name = PictureFeedHandler.h; path = API/FeedHandler/PictureFeedHandler.h; sourceTree = "<group>"; };
		742E947E102F2143002D9417 /* PictureFeedHandler.m */ = {isa = PBXFileReference; fileEncoding = 4; lastKnownFileType = sourcecode.c.objc; name = PictureFeedHandler.m; path = API/FeedHandler/PictureFeedHandler.m; sourceTree = "<group>"; };
		74762B6F10221C4A00170A19 /* PreferencesController.h */ = {isa = PBXFileReference; fileEncoding = 4; lastKnownFileType = sourcecode.c.h; path = PreferencesController.h; sourceTree = "<group>"; };
		74762B7010221C4A00170A19 /* PreferencesController.m */ = {isa = PBXFileReference; fileEncoding = 4; lastKnownFileType = sourcecode.c.objc; path = PreferencesController.m; sourceTree = "<group>"; };
		747E1DB4102EF655004A7607 /* nopic.png */ = {isa = PBXFileReference; lastKnownFileType = image.png; name = nopic.png; path = Resources/nopic.png; sourceTree = "<group>"; };
		747E1DB5102EF655004A7607 /* settings.xib */ = {isa = PBXFileReference; lastKnownFileType = file.xib; name = settings.xib; path = Resources/settings.xib; sourceTree = "<group>"; };
		747E1DB6102EF655004A7607 /* TableViewCell.xib */ = {isa = PBXFileReference; lastKnownFileType = file.xib; name = TableViewCell.xib; path = Resources/TableViewCell.xib; sourceTree = "<group>"; };
		748711ED10275B7500420DA6 /* FFURLConnection.h */ = {isa = PBXFileReference; fileEncoding = 4; lastKnownFileType = sourcecode.c.h; name = FFURLConnection.h; path = API/FFURLConnection.h; sourceTree = "<group>"; };
		748711EE10275B7500420DA6 /* FFURLConnection.m */ = {isa = PBXFileReference; fileEncoding = 4; lastKnownFileType = sourcecode.c.objc; name = FFURLConnection.m; path = API/FFURLConnection.m; sourceTree = "<group>"; };
		74878E08103D9F96006A4ABD /* FFList.h */ = {isa = PBXFileReference; fileEncoding = 4; lastKnownFileType = sourcecode.c.h; name = FFList.h; path = Model/FFList.h; sourceTree = "<group>"; };
		74878E09103D9F96006A4ABD /* FFList.m */ = {isa = PBXFileReference; fileEncoding = 4; lastKnownFileType = sourcecode.c.objc; name = FFList.m; path = Model/FFList.m; sourceTree = "<group>"; };
		74878E52103DA707006A4ABD /* FFOperation.h */ = {isa = PBXFileReference; fileEncoding = 4; lastKnownFileType = sourcecode.c.h; name = FFOperation.h; path = API/FFOperation.h; sourceTree = "<group>"; };
		74878E53103DA707006A4ABD /* FFOperation.m */ = {isa = PBXFileReference; fileEncoding = 4; lastKnownFileType = sourcecode.c.objc; name = FFOperation.m; path = API/FFOperation.m; sourceTree = "<group>"; };
		74DC75481026A5E1008E8823 /* Base64.h */ = {isa = PBXFileReference; fileEncoding = 4; lastKnownFileType = sourcecode.c.h; name = Base64.h; path = API/Base64.h; sourceTree = "<group>"; };
		74DC75491026A5E1008E8823 /* Base64.m */ = {isa = PBXFileReference; fileEncoding = 4; lastKnownFileType = sourcecode.c.objc; name = Base64.m; path = API/Base64.m; sourceTree = "<group>"; };
		8D1107310486CEB800E47090 /* Info.plist */ = {isa = PBXFileReference; fileEncoding = 4; lastKnownFileType = text.plist.xml; path = Info.plist; sourceTree = "<group>"; };
/* End PBXFileReference section */

/* Begin PBXFrameworksBuildPhase section */
		1D60588F0D05DD3D006BFB54 /* Frameworks */ = {
			isa = PBXFrameworksBuildPhase;
			buildActionMask = 2147483647;
			files = (
				1D60589F0D05DD5A006BFB54 /* Foundation.framework in Frameworks */,
				1DF5F4E00D08C38300B7A737 /* UIKit.framework in Frameworks */,
				1D3623EC0D0F72F000981E51 /* CoreGraphics.framework in Frameworks */,
			);
			runOnlyForDeploymentPostprocessing = 0;
		};
/* End PBXFrameworksBuildPhase section */

/* Begin PBXGroup section */
		080E96DDFE201D6D7F000001 /* Classes */ = {
			isa = PBXGroup;
			children = (
				740A90B01025D0FC0054A810 /* Model */,
				740A8DD3102448940054A810 /* API */,
				74762B6F10221C4A00170A19 /* PreferencesController.h */,
				74762B7010221C4A00170A19 /* PreferencesController.m */,
				1D3623240D0F684500981E51 /* FriendFeedAppDelegate.h */,
				1D3623250D0F684500981E51 /* FriendFeedAppDelegate.m */,
				3473D0620DA6994500728B98 /* HomeListController.h */,
				3473D0630DA6994500728B98 /* HomeListController.m */,
				7419F683102DB0B200923924 /* NewFeedItemTableViewCell.h */,
				7419F684102DB0B200923924 /* NewFeedItemTableViewCell.m */,
			);
			path = Classes;
			sourceTree = "<group>";
		};
		1058C7A0FEA54F0111CA2CBB /* Linked Frameworks */ = {
			isa = PBXGroup;
			children = (
				1D3623EB0D0F72F000981E51 /* CoreGraphics.framework */,
				1DF5F4DF0D08C38300B7A737 /* UIKit.framework */,
				1D30AB110D05D00D00671497 /* Foundation.framework */,
			);
			name = "Linked Frameworks";
			sourceTree = "<group>";
		};
		1058C7A2FEA54F0111CA2CBB /* Other Frameworks */ = {
			isa = PBXGroup;
			children = (
			);
			name = "Other Frameworks";
			sourceTree = "<group>";
		};
		19C28FACFE9D520D11CA2CBB /* Products */ = {
			isa = PBXGroup;
			children = (
				1D6058910D05DD3D006BFB54 /* FriendFeed.app */,
			);
			name = Products;
			sourceTree = "<group>";
		};
		29B97314FDCFA39411CA2CEA /* CustomTemplate */ = {
			isa = PBXGroup;
			children = (
				348626950DA2BF6B00908BFC /* Source */,
				080E96DDFE201D6D7F000001 /* Classes */,
				29B97315FDCFA39411CA2CEA /* Other Sources */,
				29B97317FDCFA39411CA2CEA /* Resources */,
				29B97323FDCFA39411CA2CEA /* Frameworks */,
				19C28FACFE9D520D11CA2CBB /* Products */,
			);
			name = CustomTemplate;
			sourceTree = "<group>";
		};
		29B97315FDCFA39411CA2CEA /* Other Sources */ = {
			isa = PBXGroup;
			children = (
				32CA4F630368D1EE00C91783 /* FriendFeed_Prefix.pch */,
				29B97316FDCFA39411CA2CEA /* main.m */,
			);
			name = "Other Sources";
			sourceTree = "<group>";
		};
		29B97317FDCFA39411CA2CEA /* Resources */ = {
			isa = PBXGroup;
			children = (
				747E1DB4102EF655004A7607 /* nopic.png */,
				747E1DB5102EF655004A7607 /* settings.xib */,
				747E1DB6102EF655004A7607 /* TableViewCell.xib */,
				8D1107310486CEB800E47090 /* Info.plist */,
			);
			name = Resources;
			sourceTree = "<group>";
		};
		29B97323FDCFA39411CA2CEA /* Frameworks */ = {
			isa = PBXGroup;
			children = (
				1058C7A0FEA54F0111CA2CBB /* Linked Frameworks */,
				1058C7A2FEA54F0111CA2CBB /* Other Frameworks */,
			);
			name = Frameworks;
			sourceTree = "<group>";
		};
		348626950DA2BF6B00908BFC /* Source */ = {
			isa = PBXGroup;
			children = (
				348626A80DA2BFC100908BFC /* Extensions */,
				348626AD0DA2BFC100908BFC /* JSON */,
				3478E2FC0DA9EA46003A078A /* Constants.h */,
			);
			name = Source;
			sourceTree = "<group>";
		};
		348626A80DA2BFC100908BFC /* Extensions */ = {
			isa = PBXGroup;
			children = (
				348626A90DA2BFC100908BFC /* NSCharacterSet_Extensions.h */,
				348626AA0DA2BFC100908BFC /* NSCharacterSet_Extensions.m */,
				348626AB0DA2BFC100908BFC /* NSScanner_Extensions.h */,
				348626AC0DA2BFC100908BFC /* NSScanner_Extensions.m */,
			);
			path = Extensions;
			sourceTree = "<group>";
		};
		348626AD0DA2BFC100908BFC /* JSON */ = {
			isa = PBXGroup;
			children = (
				348626AE0DA2BFC100908BFC /* CJSONDeserializer.h */,
				348626AF0DA2BFC100908BFC /* CJSONDeserializer.m */,
				348626B00DA2BFC100908BFC /* CJSONScanner.h */,
				348626B10DA2BFC100908BFC /* CJSONScanner.m */,
				348626B20DA2BFC100908BFC /* CJSONSerializer.h */,
				348626B30DA2BFC100908BFC /* CJSONSerializer.m */,
			);
			path = JSON;
			sourceTree = "<group>";
		};
		740A8DD3102448940054A810 /* API */ = {
			isa = PBXGroup;
			children = (
				742E9478102F2015002D9417 /* FeedHandler */,
				74DC75481026A5E1008E8823 /* Base64.h */,
				74DC75491026A5E1008E8823 /* Base64.m */,
				740A8E9210246E160054A810 /* FriendFeedAPI.h */,
				740A8E9310246E160054A810 /* FriendFeedAPI.m */,
				740A8E7A1024629F0054A810 /* RequestDataProtocol.h */,
				740A8DD4102448D20054A810 /* Connector.h */,
				740A8DD5102448D20054A810 /* Connector.m */,
				740A8E7710245FE80054A810 /* FriendFeedDelegateProtocol.h */,
				740A8E8E10246C1B0054A810 /* FriendFeedProtocol.h */,
				748711ED10275B7500420DA6 /* FFURLConnection.h */,
				748711EE10275B7500420DA6 /* FFURLConnection.m */,
				742E93D8102F0FA3002D9417 /* ImageCache.h */,
				742E93D9102F0FA3002D9417 /* ImageCache.m */,
				74878E52103DA707006A4ABD /* FFOperation.h */,
				74878E53103DA707006A4ABD /* FFOperation.m */,
			);
			name = API;
			sourceTree = "<group>";
		};
		740A90B01025D0FC0054A810 /* Model */ = {
			isa = PBXGroup;
			children = (
				74878E08103D9F96006A4ABD /* FFList.h */,
				74878E09103D9F96006A4ABD /* FFList.m */,
				740A90FB1025D70C0054A810 /* FeedItem.h */,
				740A90FC1025D70C0054A810 /* FeedItem.m */,
				740A90B11025D1350054A810 /* HomeList.h */,
				740A90B21025D1350054A810 /* HomeList.m */,
			);
			name = Model;
			sourceTree = "<group>";
		};
		742E9478102F2015002D9417 /* FeedHandler */ = {
			isa = PBXGroup;
			children = (
				742E9479102F2143002D9417 /* DefaultFeedHandler.h */,
				742E947A102F2143002D9417 /* DefaultFeedHandler.m */,
				742E947B102F2143002D9417 /* FeedHandler.h */,
				742E947C102F2143002D9417 /* FeedHandler.m */,
				742E947D102F2143002D9417 /* PictureFeedHandler.h */,
				742E947E102F2143002D9417 /* PictureFeedHandler.m */,
			);
			name = FeedHandler;
			sourceTree = "<group>";
		};
/* End PBXGroup section */

/* Begin PBXNativeTarget section */
		1D6058900D05DD3D006BFB54 /* FriendFeed */ = {
			isa = PBXNativeTarget;
			buildConfigurationList = 1D6058960D05DD3E006BFB54 /* Build configuration list for PBXNativeTarget "FriendFeed" */;
			buildPhases = (
				1D60588D0D05DD3D006BFB54 /* Resources */,
				1D60588E0D05DD3D006BFB54 /* Sources */,
				1D60588F0D05DD3D006BFB54 /* Frameworks */,
			);
			buildRules = (
			);
			dependencies = (
			);
			name = FriendFeed;
			productName = FriendFeed;
			productReference = 1D6058910D05DD3D006BFB54 /* FriendFeed.app */;
			productType = "com.apple.product-type.application";
		};
/* End PBXNativeTarget section */

/* Begin PBXProject section */
		29B97313FDCFA39411CA2CEA /* Project object */ = {
			isa = PBXProject;
			buildConfigurationList = C01FCF4E08A954540054247B /* Build configuration list for PBXProject "FriendFeed" */;
			compatibilityVersion = "Xcode 3.1";
			hasScannedForEncodings = 1;
			mainGroup = 29B97314FDCFA39411CA2CEA /* CustomTemplate */;
			projectDirPath = "";
			projectRoot = "";
			targets = (
				1D6058900D05DD3D006BFB54 /* FriendFeed */,
			);
		};
/* End PBXProject section */

/* Begin PBXResourcesBuildPhase section */
		1D60588D0D05DD3D006BFB54 /* Resources */ = {
			isa = PBXResourcesBuildPhase;
			buildActionMask = 2147483647;
			files = (
				747E1DB7102EF655004A7607 /* nopic.png in Resources */,
				747E1DB8102EF655004A7607 /* settings.xib in Resources */,
				747E1DB9102EF655004A7607 /* TableViewCell.xib in Resources */,
			);
			runOnlyForDeploymentPostprocessing = 0;
		};
/* End PBXResourcesBuildPhase section */

/* Begin PBXSourcesBuildPhase section */
		1D60588E0D05DD3D006BFB54 /* Sources */ = {
			isa = PBXSourcesBuildPhase;
			buildActionMask = 2147483647;
			files = (
				1D60589B0D05DD56006BFB54 /* main.m in Sources */,
				1D3623260D0F684500981E51 /* FriendFeedAppDelegate.m in Sources */,
				348626B40DA2BFC100908BFC /* NSCharacterSet_Extensions.m in Sources */,
				348626B50DA2BFC100908BFC /* NSScanner_Extensions.m in Sources */,
				348626B60DA2BFC100908BFC /* CJSONDeserializer.m in Sources */,
				348626B70DA2BFC100908BFC /* CJSONScanner.m in Sources */,
				348626B80DA2BFC100908BFC /* CJSONSerializer.m in Sources */,
				3473D0640DA6994500728B98 /* HomeListController.m in Sources */,
				74762B7110221C4A00170A19 /* PreferencesController.m in Sources */,
				740A8DD6102448D20054A810 /* Connector.m in Sources */,
				740A8E9410246E160054A810 /* FriendFeedAPI.m in Sources */,
				740A90B31025D1350054A810 /* HomeList.m in Sources */,
				740A90FD1025D70C0054A810 /* FeedItem.m in Sources */,
				74DC754A1026A5E1008E8823 /* Base64.m in Sources */,
				748711EF10275B7500420DA6 /* FFURLConnection.m in Sources */,
				7419F685102DB0B200923924 /* NewFeedItemTableViewCell.m in Sources */,
				742E93DA102F0FA3002D9417 /* ImageCache.m in Sources */,
				742E947F102F2143002D9417 /* DefaultFeedHandler.m in Sources */,
				742E9480102F2143002D9417 /* FeedHandler.m in Sources */,
				742E9481102F2143002D9417 /* PictureFeedHandler.m in Sources */,
				74878E0A103D9F96006A4ABD /* FFList.m in Sources */,
				74878E54103DA707006A4ABD /* FFOperation.m in Sources */,
			);
			runOnlyForDeploymentPostprocessing = 0;
		};
/* End PBXSourcesBuildPhase section */

/* Begin XCBuildConfiguration section */
		1D6058940D05DD3E006BFB54 /* Debug */ = {
			isa = XCBuildConfiguration;
			buildSettings = {
				COPY_PHASE_STRIP = NO;
				DEBUG_INFORMATION_FORMAT = "dwarf-with-dsym";
				GCC_DYNAMIC_NO_PIC = NO;
				GCC_ENABLE_FIX_AND_CONTINUE = NO;
				GCC_OPTIMIZATION_LEVEL = 0;
				GCC_PRECOMPILE_PREFIX_HEADER = YES;
				GCC_PREFIX_HEADER = FriendFeed_Prefix.pch;
				INFOPLIST_FILE = Info.plist;
				PREBINDING = NO;
				PRODUCT_NAME = FriendFeed;
			};
			name = Debug;
		};
		1D6058950D05DD3E006BFB54 /* Release */ = {
			isa = XCBuildConfiguration;
			buildSettings = {
				COPY_PHASE_STRIP = YES;
				DEBUG_INFORMATION_FORMAT = "dwarf-with-dsym";
				GCC_ENABLE_FIX_AND_CONTINUE = NO;
				GCC_PRECOMPILE_PREFIX_HEADER = YES;
				GCC_PREFIX_HEADER = FriendFeed_Prefix.pch;
				INFOPLIST_FILE = Info.plist;
				PREBINDING = NO;
				PRODUCT_NAME = FriendFeed;
			};
			name = Release;
		};
		C01FCF4F08A954540054247B /* Debug */ = {
			isa = XCBuildConfiguration;
			buildSettings = {
				ALWAYS_SEARCH_USER_PATHS = NO;
				ARCHS = "$(ARCHS_STANDARD_32_BIT)";
				"CODE_SIGN_IDENTITY[sdk=iphoneos*]" = "iPhone Developer";
				GCC_C_LANGUAGE_STANDARD = c99;
				GCC_WARN_ABOUT_RETURN_TYPE = YES;
				GCC_WARN_UNUSED_VARIABLE = YES;
				ONLY_ACTIVE_ARCH = YES;
				PREBINDING = NO;
				SDKROOT = iphoneos2.0;
			};
			name = Debug;
		};
		C01FCF5008A954540054247B /* Release */ = {
			isa = XCBuildConfiguration;
			buildSettings = {
				ALWAYS_SEARCH_USER_PATHS = NO;
				ARCHS = "$(ARCHS_STANDARD_32_BIT)";
				GCC_C_LANGUAGE_STANDARD = c99;
				GCC_WARN_ABOUT_RETURN_TYPE = YES;
				GCC_WARN_UNUSED_VARIABLE = YES;
				PREBINDING = NO;
				SDKROOT = iphoneos2.0;
			};
			name = Release;
		};
/* End XCBuildConfiguration section */

/* Begin XCConfigurationList section */
		1D6058960D05DD3E006BFB54 /* Build configuration list for PBXNativeTarget "FriendFeed" */ = {
			isa = XCConfigurationList;
			buildConfigurations = (
				1D6058940D05DD3E006BFB54 /* Debug */,
				1D6058950D05DD3E006BFB54 /* Release */,
			);
			defaultConfigurationIsVisible = 0;
			defaultConfigurationName = Release;
		};
		C01FCF4E08A954540054247B /* Build configuration list for PBXProject "FriendFeed" */ = {
			isa = XCConfigurationList;
			buildConfigurations = (
				C01FCF4F08A954540054247B /* Debug */,
				C01FCF5008A954540054247B /* Release */,
			);
			defaultConfigurationIsVisible = 0;
			defaultConfigurationName = Release;
		};
/* End XCConfigurationList section */
	};
	rootObject = 29B97313FDCFA39411CA2CEA /* Project object */;
}
